
Microsoft Visual Studio Solution File, Format Version 12.00
# Visual Studio Version 17
VisualStudioVersion = 17.10.34928.147
MinimumVisualStudioVersion = 10.0.40219.1
Project("{FAE04EC0-301F-11D3-BF4B-00C04F79EFBC}") = "ApiDevBP.Api", "ApiDevBP.Api\ApiDevBP.Api.csproj", "{034FF53B-1F9C-4669-B360-B995A6EFC362}"
EndProject
Project("{FAE04EC0-301F-11D3-BF4B-00C04F79EFBC}") = "ApiDevBP.Contract", "ApiDevBP.Contract\ApiDevBP.Contract.csproj", "{3222C73E-54BF-4B6B-9548-0A228CA53CE2}"
EndProject
Project("{FAE04EC0-301F-11D3-BF4B-00C04F79EFBC}") = "ApiDevBP.Core", "ApiDevBP.Core\ApiDevBP.Core.csproj", "{5439D0EF-241B-4DE8-A4EB-D70A313B5A5A}"
EndProject
Project("{FAE04EC0-301F-11D3-BF4B-00C04F79EFBC}") = "ApiDevBP.Repository", "ApiDevBP.Repository\ApiDevBP.Repository.csproj", "{2C2D8B7E-5109-4AE1-AD78-4D8A7785530C}"
EndProject
Global
	GlobalSection(SolutionConfigurationPlatforms) = preSolution
		Debug|Any CPU = Debug|Any CPU
		Release|Any CPU = Release|Any CPU
	EndGlobalSection
	GlobalSection(ProjectConfigurationPlatforms) = postSolution
		{034FF53B-1F9C-4669-B360-B995A6EFC362}.Debug|Any CPU.ActiveCfg = Debug|Any CPU
		{034FF53B-1F9C-4669-B360-B995A6EFC362}.Debug|Any CPU.Build.0 = Debug|Any CPU
		{034FF53B-1F9C-4669-B360-B995A6EFC362}.Release|Any CPU.ActiveCfg = Release|Any CPU
		{034FF53B-1F9C-4669-B360-B995A6EFC362}.Release|Any CPU.Build.0 = Release|Any CPU
		{3222C73E-54BF-4B6B-9548-0A228CA53CE2}.Debug|Any CPU.ActiveCfg = Debug|Any CPU
		{3222C73E-54BF-4B6B-9548-0A228CA53CE2}.Debug|Any CPU.Build.0 = Debug|Any CPU
		{3222C73E-54BF-4B6B-9548-0A228CA53CE2}.Release|Any CPU.ActiveCfg = Release|Any CPU
		{3222C73E-54BF-4B6B-9548-0A228CA53CE2}.Release|Any CPU.Build.0 = Release|Any CPU
		{5439D0EF-241B-4DE8-A4EB-D70A313B5A5A}.Debug|Any CPU.ActiveCfg = Debug|Any CPU
		{5439D0EF-241B-4DE8-A4EB-D70A313B5A5A}.Debug|Any CPU.Build.0 = Debug|Any CPU
		{5439D0EF-241B-4DE8-A4EB-D70A313B5A5A}.Release|Any CPU.ActiveCfg = Release|Any CPU
		{5439D0EF-241B-4DE8-A4EB-D70A313B5A5A}.Release|Any CPU.Build.0 = Release|Any CPU
		{2C2D8B7E-5109-4AE1-AD78-4D8A7785530C}.Debug|Any CPU.ActiveCfg = Debug|Any CPU
		{2C2D8B7E-5109-4AE1-AD78-4D8A7785530C}.Debug|Any CPU.Build.0 = Debug|Any CPU
		{2C2D8B7E-5109-4AE1-AD78-4D8A7785530C}.Release|Any CPU.ActiveCfg = Release|Any CPU
		{2C2D8B7E-5109-4AE1-AD78-4D8A7785530C}.Release|Any CPU.Build.0 = Release|Any CPU
	EndGlobalSection
	GlobalSection(SolutionProperties) = preSolution
		HideSolutionNode = FALSE
	EndGlobalSection
	GlobalSection(ExtensibilityGlobals) = postSolution
		SolutionGuid = {7A45F66B-EEBF-4993-966E-6B7A5FB37B6C}
	EndGlobalSection
EndGlobal
